
Microsoft Visual Studio Solution File, Format Version 12.00
# Visual Studio Version 17
VisualStudioVersion = 17.10.34928.147
MinimumVisualStudioVersion = 10.0.40219.1
Project("{FAE04EC0-301F-11D3-BF4B-00C04F79EFBC}") = "UNBROKE_GUI", "UNBROKE_GUI\UNBROKE_GUI.csproj", "{99CF5965-50CA-4219-9DE5-D55328D70645}"
EndProject
Global
	GlobalSection(SolutionConfigurationPlatforms) = preSolution
		Debug|Any CPU = Debug|Any CPU
		Release|Any CPU = Release|Any CPU
	EndGlobalSection
	GlobalSection(ProjectConfigurationPlatforms) = postSolution
		{99CF5965-50CA-4219-9DE5-D55328D70645}.Debug|Any CPU.ActiveCfg = Debug|Any CPU
		{99CF5965-50CA-4219-9DE5-D55328D70645}.Debug|Any CPU.Build.0 = Debug|Any CPU
		{99CF5965-50CA-4219-9DE5-D55328D70645}.Release|Any CPU.ActiveCfg = Release|Any CPU
		{99CF5965-50CA-4219-9DE5-D55328D70645}.Release|Any CPU.Build.0 = Release|Any CPU
	EndGlobalSection
	GlobalSection(SolutionProperties) = preSolution
		HideSolutionNode = FALSE
	EndGlobalSection
	GlobalSection(ExtensibilityGlobals) = postSolution
		SolutionGuid = {0F6B60B3-324B-478C-826E-1D13E15C663B}
	EndGlobalSection
EndGlobal
